
Microsoft Visual Studio Solution File, Format Version 12.00
# Visual Studio Version 16
VisualStudioVersion = 16.0.30413.136
MinimumVisualStudioVersion = 10.0.40219.1
Project("{FAE04EC0-301F-11D3-BF4B-00C04F79EFBC}") = "BasicCalculator", "BasicCalculator\BasicCalculator.csproj", "{06ADAA47-F9C7-4FB9-A4A5-7CFF77A13C28}"
EndProject
Global
	GlobalSection(SolutionConfigurationPlatforms) = preSolution
		Debug|Any CPU = Debug|Any CPU
		Release|Any CPU = Release|Any CPU
	EndGlobalSection
	GlobalSection(ProjectConfigurationPlatforms) = postSolution
		{06ADAA47-F9C7-4FB9-A4A5-7CFF77A13C28}.Debug|Any CPU.ActiveCfg = Debug|Any CPU
		{06ADAA47-F9C7-4FB9-A4A5-7CFF77A13C28}.Debug|Any CPU.Build.0 = Debug|Any CPU
		{06ADAA47-F9C7-4FB9-A4A5-7CFF77A13C28}.Release|Any CPU.ActiveCfg = Release|Any CPU
		{06ADAA47-F9C7-4FB9-A4A5-7CFF77A13C28}.Release|Any CPU.Build.0 = Release|Any CPU
	EndGlobalSection
	GlobalSection(SolutionProperties) = preSolution
		HideSolutionNode = FALSE
	EndGlobalSection
	GlobalSection(ExtensibilityGlobals) = postSolution
		SolutionGuid = {A0AFFBB0-E2B6-4C2B-87D0-1AE10175C992}
	EndGlobalSection
EndGlobal
